
Microsoft Visual Studio Solution File, Format Version 12.00
# Visual Studio Version 17
VisualStudioVersion = 17.14.36109.1
MinimumVisualStudioVersion = 10.0.40219.1
Project("{FAE04EC0-301F-11D3-BF4B-00C04F79EFBC}") = "EmployeeManagement.Web", "EmployeeManagement.Web\EmployeeManagement.Web.csproj", "{F7E9BF20-D001-4028-9252-D556ED4157CD}"
EndProject
Project("{FAE04EC0-301F-11D3-BF4B-00C04F79EFBC}") = "EmployeeManagement.Models", "EmployeeManagement.Models\EmployeeManagement.Models.csproj", "{756DE9FB-502C-4407-BAD8-2AA029857171}"
EndProject
Project("{FAE04EC0-301F-11D3-BF4B-00C04F79EFBC}") = "EmployeeManagement.DataAccess", "EmployeeManagement.DataAcess\EmployeeManagement.DataAccess.csproj", "{08BDE5B7-ED20-4B3C-BBF5-0BF020371D22}"
EndProject
Project("{FAE04EC0-301F-11D3-BF4B-00C04F79EFBC}") = "EmployeeManagement.Utility", "EmployeeManagement.Utility\EmployeeManagement.Utility.csproj", "{AC030C59-789E-470F-9EE4-4DEA5D2F5F37}"
EndProject
Global
	GlobalSection(SolutionConfigurationPlatforms) = preSolution
		Debug|Any CPU = Debug|Any CPU
		Release|Any CPU = Release|Any CPU
	EndGlobalSection
	GlobalSection(ProjectConfigurationPlatforms) = postSolution
		{F7E9BF20-D001-4028-9252-D556ED4157CD}.Debug|Any CPU.ActiveCfg = Debug|Any CPU
		{F7E9BF20-D001-4028-9252-D556ED4157CD}.Debug|Any CPU.Build.0 = Debug|Any CPU
		{F7E9BF20-D001-4028-9252-D556ED4157CD}.Release|Any CPU.ActiveCfg = Release|Any CPU
		{F7E9BF20-D001-4028-9252-D556ED4157CD}.Release|Any CPU.Build.0 = Release|Any CPU
		{756DE9FB-502C-4407-BAD8-2AA029857171}.Debug|Any CPU.ActiveCfg = Debug|Any CPU
		{756DE9FB-502C-4407-BAD8-2AA029857171}.Debug|Any CPU.Build.0 = Debug|Any CPU
		{756DE9FB-502C-4407-BAD8-2AA029857171}.Release|Any CPU.ActiveCfg = Release|Any CPU
		{756DE9FB-502C-4407-BAD8-2AA029857171}.Release|Any CPU.Build.0 = Release|Any CPU
		{08BDE5B7-ED20-4B3C-BBF5-0BF020371D22}.Debug|Any CPU.ActiveCfg = Debug|Any CPU
		{08BDE5B7-ED20-4B3C-BBF5-0BF020371D22}.Debug|Any CPU.Build.0 = Debug|Any CPU
		{08BDE5B7-ED20-4B3C-BBF5-0BF020371D22}.Release|Any CPU.ActiveCfg = Release|Any CPU
		{08BDE5B7-ED20-4B3C-BBF5-0BF020371D22}.Release|Any CPU.Build.0 = Release|Any CPU
		{AC030C59-789E-470F-9EE4-4DEA5D2F5F37}.Debug|Any CPU.ActiveCfg = Debug|Any CPU
		{AC030C59-789E-470F-9EE4-4DEA5D2F5F37}.Debug|Any CPU.Build.0 = Debug|Any CPU
		{AC030C59-789E-470F-9EE4-4DEA5D2F5F37}.Release|Any CPU.ActiveCfg = Release|Any CPU
		{AC030C59-789E-470F-9EE4-4DEA5D2F5F37}.Release|Any CPU.Build.0 = Release|Any CPU
	EndGlobalSection
	GlobalSection(SolutionProperties) = preSolution
		HideSolutionNode = FALSE
	EndGlobalSection
	GlobalSection(ExtensibilityGlobals) = postSolution
		SolutionGuid = {98A0FB2E-4FB0-4B24-9390-27FF10D4F713}
	EndGlobalSection
EndGlobal
